
Microsoft Visual Studio Solution File, Format Version 12.00
# Visual Studio Version 17
VisualStudioVersion = 17.5.33516.290
MinimumVisualStudioVersion = 10.0.40219.1
Project("{FAE04EC0-301F-11D3-BF4B-00C04F79EFBC}") = "WEBMVC", "WEBMVC\WEBMVC.csproj", "{65965A97-2E28-4D73-AC27-2D6C51DE6D47}"
EndProject
Global
	GlobalSection(SolutionConfigurationPlatforms) = preSolution
		Debug|Any CPU = Debug|Any CPU
		Release|Any CPU = Release|Any CPU
	EndGlobalSection
	GlobalSection(ProjectConfigurationPlatforms) = postSolution
		{65965A97-2E28-4D73-AC27-2D6C51DE6D47}.Debug|Any CPU.ActiveCfg = Debug|Any CPU
		{65965A97-2E28-4D73-AC27-2D6C51DE6D47}.Debug|Any CPU.Build.0 = Debug|Any CPU
		{65965A97-2E28-4D73-AC27-2D6C51DE6D47}.Release|Any CPU.ActiveCfg = Release|Any CPU
		{65965A97-2E28-4D73-AC27-2D6C51DE6D47}.Release|Any CPU.Build.0 = Release|Any CPU
	EndGlobalSection
	GlobalSection(SolutionProperties) = preSolution
		HideSolutionNode = FALSE
	EndGlobalSection
	GlobalSection(ExtensibilityGlobals) = postSolution
		SolutionGuid = {BD48A6BE-0854-4B14-8258-81D2FD876FA4}
	EndGlobalSection
EndGlobal
